// !$*UTF8*$!
{
	archiveVersion = 1;
	classes = {
	};
	objectVersion = 46;
	objects = {

/* Begin PBXBuildFile section */
		1FF1AB521DE509F2005A752E /* AppDelegate.swift in Sources */ = {isa = PBXBuildFile; fileRef = 1FF1AB511DE509F2005A752E /* AppDelegate.swift */; };
		1FF1AB541DE509F2005A752E /* ViewController.swift in Sources */ = {isa = PBXBuildFile; fileRef = 1FF1AB531DE509F2005A752E /* ViewController.swift */; };
		1FF1AB571DE509F2005A752E /* Main.storyboard in Resources */ = {isa = PBXBuildFile; fileRef = 1FF1AB551DE509F2005A752E /* Main.storyboard */; };
		1FF1AB5A1DE509F2005A752E /* Sound_Board.xcdatamodeld in Sources */ = {isa = PBXBuildFile; fileRef = 1FF1AB581DE509F2005A752E /* Sound_Board.xcdatamodeld */; };
		1FF1AB5C1DE509F2005A752E /* Assets.xcassets in Resources */ = {isa = PBXBuildFile; fileRef = 1FF1AB5B1DE509F2005A752E /* Assets.xcassets */; };
		1FF1AB5F1DE509F2005A752E /* LaunchScreen.storyboard in Resources */ = {isa = PBXBuildFile; fileRef = 1FF1AB5D1DE509F2005A752E /* LaunchScreen.storyboard */; };
/* End PBXBuildFile section */

/* Begin PBXFileReference section */
		1FF1AB4E1DE509F2005A752E /* Sound Board.app */ = {isa = PBXFileReference; explicitFileType = wrapper.application; includeInIndex = 0; path = "Sound Board.app"; sourceTree = BUILT_PRODUCTS_DIR; };
		1FF1AB511DE509F2005A752E /* AppDelegate.swift */ = {isa = PBXFileReference; lastKnownFileType = sourcecode.swift; path = AppDelegate.swift; sourceTree = "<group>"; };
		1FF1AB531DE509F2005A752E /* ViewController.swift */ = {isa = PBXFileReference; lastKnownFileType = sourcecode.swift; path = ViewController.swift; sourceTree = "<group>"; };
		1FF1AB561DE509F2005A752E /* Base */ = {isa = PBXFileReference; lastKnownFileType = file.storyboard; name = Base; path = Base.lproj/Main.storyboard; sourceTree = "<group>"; };
		1FF1AB591DE509F2005A752E /* Sound_Board.xcdatamodel */ = {isa = PBXFileReference; lastKnownFileType = wrapper.xcdatamodel; path = Sound_Board.xcdatamodel; sourceTree = "<group>"; };
		1FF1AB5B1DE509F2005A752E /* Assets.xcassets */ = {isa = PBXFileReference; lastKnownFileType = folder.assetcatalog; path = Assets.xcassets; sourceTree = "<group>"; };
		1FF1AB5E1DE509F2005A752E /* Base */ = {isa = PBXFileReference; lastKnownFileType = file.storyboard; name = Base; path = Base.lproj/LaunchScreen.storyboard; sourceTree = "<group>"; };
		1FF1AB601DE509F2005A752E /* Info.plist */ = {isa = PBXFileReference; lastKnownFileType = text.plist.xml; path = Info.plist; sourceTree = "<group>"; };
/* End PBXFileReference section */

/* Begin PBXFrameworksBuildPhase section */
		1FF1AB4B1DE509F2005A752E /* Frameworks */ = {
			isa = PBXFrameworksBuildPhase;
			buildActionMask = 2147483647;
			files = (
			);
			runOnlyForDeploymentPostprocessing = 0;
		};
/* End PBXFrameworksBuildPhase section */

/* Begin PBXGroup section */
		1FF1AB451DE509F2005A752E = {
			isa = PBXGroup;
			children = (
				1FF1AB501DE509F2005A752E /* Sound Board */,
				1FF1AB4F1DE509F2005A752E /* Products */,
			);
			sourceTree = "<group>";
		};
		1FF1AB4F1DE509F2005A752E /* Products */ = {
			isa = PBXGroup;
			children = (
				1FF1AB4E1DE509F2005A752E /* Sound Board.app */,
			);
			name = Products;
			sourceTree = "<group>";
		};
		1FF1AB501DE509F2005A752E /* Sound Board */ = {
			isa = PBXGroup;
			children = (
				1FF1AB511DE509F2005A752E /* AppDelegate.swift */,
				1FF1AB531DE509F2005A752E /* ViewController.swift */,
				1FF1AB551DE509F2005A752E /* Main.storyboard */,
				1FF1AB5B1DE509F2005A752E /* Assets.xcassets */,
				1FF1AB5D1DE509F2005A752E /* LaunchScreen.storyboard */,
				1FF1AB601DE509F2005A752E /* Info.plist */,
				1FF1AB581DE509F2005A752E /* Sound_Board.xcdatamodeld */,
			);
			path = "Sound Board";
			sourceTree = "<group>";
		};
/* End PBXGroup section */

/* Begin PBXNativeTarget section */
		1FF1AB4D1DE509F2005A752E /* Sound Board */ = {
			isa = PBXNativeTarget;
			buildConfigurationList = 1FF1AB631DE509F2005A752E /* Build configuration list for PBXNativeTarget "Sound Board" */;
			buildPhases = (
				1FF1AB4A1DE509F2005A752E /* Sources */,
				1FF1AB4B1DE509F2005A752E /* Frameworks */,
				1FF1AB4C1DE509F2005A752E /* Resources */,
			);
			buildRules = (
			);
			dependencies = (
			);
			name = "Sound Board";
			productName = "Sound Board";
			productReference = 1FF1AB4E1DE509F2005A752E /* Sound Board.app */;
			productType = "com.apple.product-type.application";
		};
/* End PBXNativeTarget section */

/* Begin PBXProject section */
		1FF1AB461DE509F2005A752E /* Project object */ = {
			isa = PBXProject;
			attributes = {
				LastSwiftUpdateCheck = 0810;
				LastUpgradeCheck = 0810;
				ORGANIZATIONNAME = rickwolchuk;
				TargetAttributes = {
					1FF1AB4D1DE509F2005A752E = {
						CreatedOnToolsVersion = 8.1;
						DevelopmentTeam = EN4K8XQC2W;
						ProvisioningStyle = Automatic;
					};
				};
			};
			buildConfigurationList = 1FF1AB491DE509F2005A752E /* Build configuration list for PBXProject "Sound Board" */;
			compatibilityVersion = "Xcode 3.2";
			developmentRegion = English;
			hasScannedForEncodings = 0;
			knownRegions = (
				en,
				Base,
			);
			mainGroup = 1FF1AB451DE509F2005A752E;
			productRefGroup = 1FF1AB4F1DE509F2005A752E /* Products */;
			projectDirPath = "";
			projectRoot = "";
			targets = (
				1FF1AB4D1DE509F2005A752E /* Sound Board */,
			);
		};
/* End PBXProject section */

/* Begin PBXResourcesBuildPhase section */
		1FF1AB4C1DE509F2005A752E /* Resources */ = {
			isa = PBXResourcesBuildPhase;
			buildActionMask = 2147483647;
			files = (
				1FF1AB5F1DE509F2005A752E /* LaunchScreen.storyboard in Resources */,
				1FF1AB5C1DE509F2005A752E /* Assets.xcassets in Resources */,
				1FF1AB571DE509F2005A752E /* Main.storyboard in Resources */,
			);
			runOnlyForDeploymentPostprocessing = 0;
		};
/* End PBXResourcesBuildPhase section */

/* Begin PBXSourcesBuildPhase section */
		1FF1AB4A1DE509F2005A752E /* Sources */ = {
			isa = PBXSourcesBuildPhase;
			buildActionMask = 2147483647;
			files = (
				1FF1AB5A1DE509F2005A752E /* Sound_Board.xcdatamodeld in Sources */,
				1FF1AB541DE509F2005A752E /* ViewController.swift in Sources */,
				1FF1AB521DE509F2005A752E /* AppDelegate.swift in Sources */,
			);
			runOnlyForDeploymentPostprocessing = 0;
		};
/* End PBXSourcesBuildPhase section */

/* Begin PBXVariantGroup section */
		1FF1AB551DE509F2005A752E /* Main.storyboard */ = {
			isa = PBXVariantGroup;
			children = (
				1FF1AB561DE509F2005A752E /* Base */,
			);
			name = Main.storyboard;
			sourceTree = "<group>";
		};
		1FF1AB5D1DE509F2005A752E /* LaunchScreen.storyboard */ = {
			isa = PBXVariantGroup;
			children = (
				1FF1AB5E1DE509F2005A752E /* Base */,
			);
			name = LaunchScreen.storyboard;
			sourceTree = "<group>";
		};
/* End PBXVariantGroup section */

/* Begin XCBuildConfiguration section */
		1FF1AB611DE509F2005A752E /* Debug */ = {
			isa = XCBuildConfiguration;
			buildSettings = {
				ALWAYS_SEARCH_USER_PATHS = NO;
				CLANG_ANALYZER_NONNULL = YES;
				CLANG_CXX_LANGUAGE_STANDARD = "gnu++0x";
				CLANG_CXX_LIBRARY = "libc++";
				CLANG_ENABLE_MODULES = YES;
				CLANG_ENABLE_OBJC_ARC = YES;
				CLANG_WARN_BOOL_CONVERSION = YES;
				CLANG_WARN_CONSTANT_CONVERSION = YES;
				CLANG_WARN_DIRECT_OBJC_ISA_USAGE = YES_ERROR;
				CLANG_WARN_DOCUMENTATION_COMMENTS = YES;
				CLANG_WARN_EMPTY_BODY = YES;
				CLANG_WARN_ENUM_CONVERSION = YES;
				CLANG_WARN_INFINITE_RECURSION = YES;
				CLANG_WARN_INT_CONVERSION = YES;
				CLANG_WARN_OBJC_ROOT_CLASS = YES_ERROR;
				CLANG_WARN_SUSPICIOUS_MOVES = YES;
				CLANG_WARN_UNREACHABLE_CODE = YES;
				CLANG_WARN__DUPLICATE_METHOD_MATCH = YES;
				"CODE_SIGN_IDENTITY[sdk=iphoneos*]" = "iPhone Developer";
				COPY_PHASE_STRIP = NO;
				DEBUG_INFORMATION_FORMAT = dwarf;
				ENABLE_STRICT_OBJC_MSGSEND = YES;
				ENABLE_TESTABILITY = YES;
				GCC_C_LANGUAGE_STANDARD = gnu99;
				GCC_DYNAMIC_NO_PIC = NO;
				GCC_NO_COMMON_BLOCKS = YES;
				GCC_OPTIMIZATION_LEVEL = 0;
				GCC_PREPROCESSOR_DEFINITIONS = (
					"DEBUG=1",
					"$(inherited)",
				);
				GCC_WARN_64_TO_32_BIT_CONVERSION = YES;
				GCC_WARN_ABOUT_RETURN_TYPE = YES_ERROR;
				GCC_WARN_UNDECLARED_SELECTOR = YES;
				GCC_WARN_UNINITIALIZED_AUTOS = YES_AGGRESSIVE;
				GCC_WARN_UNUSED_FUNCTION = YES;
				GCC_WARN_UNUSED_VARIABLE = YES;
				IPHONEOS_DEPLOYMENT_TARGET = 10.1;
				MTL_ENABLE_DEBUG_INFO = YES;
				ONLY_ACTIVE_ARCH = YES;
				SDKROOT = iphoneos;
				SWIFT_ACTIVE_COMPILATION_CONDITIONS = DEBUG;
				SWIFT_OPTIMIZATION_LEVEL = "-Onone";
				TARGETED_DEVICE_FAMILY = "1,2";
			};
			name = Debug;
		};
		1FF1AB621DE509F2005A752E /* Release */ = {
			isa = XCBuildConfiguration;
			buildSettings = {
				ALWAYS_SEARCH_USER_PATHS = NO;
				CLANG_ANALYZER_NONNULL = YES;
				CLANG_CXX_LANGUAGE_STANDARD = "gnu++0x";
				CLANG_CXX_LIBRARY = "libc++";
				CLANG_ENABLE_MODULES = YES;
				CLANG_ENABLE_OBJC_ARC = YES;
				CLANG_WARN_BOOL_CONVERSION = YES;
				CLANG_WARN_CONSTANT_CONVERSION = YES;
				CLANG_WARN_DIRECT_OBJC_ISA_USAGE = YES_ERROR;
				CLANG_WARN_DOCUMENTATION_COMMENTS = YES;
				CLANG_WARN_EMPTY_BODY = YES;
				CLANG_WARN_ENUM_CONVERSION = YES;
				CLANG_WARN_INFINITE_RECURSION = YES;
				CLANG_WARN_INT_CONVERSION = YES;
				CLANG_WARN_OBJC_ROOT_CLASS = YES_ERROR;
				CLANG_WARN_SUSPICIOUS_MOVES = YES;
				CLANG_WARN_UNREACHABLE_CODE = YES;
				CLANG_WARN__DUPLICATE_METHOD_MATCH = YES;
				"CODE_SIGN_IDENTITY[sdk=iphoneos*]" = "iPhone Developer";
				COPY_PHASE_STRIP = NO;
				DEBUG_INFORMATION_FORMAT = "dwarf-with-dsym";
				ENABLE_NS_ASSERTIONS = NO;
				ENABLE_STRICT_OBJC_MSGSEND = YES;
				GCC_C_LANGUAGE_STANDARD = gnu99;
				GCC_NO_COMMON_BLOCKS = YES;
				GCC_WARN_64_TO_32_BIT_CONVERSION = YES;
				GCC_WARN_ABOUT_RETURN_TYPE = YES_ERROR;
				GCC_WARN_UNDECLARED_SELECTOR = YES;
				GCC_WARN_UNINITIALIZED_AUTOS = YES_AGGRESSIVE;
				GCC_WARN_UNUSED_FUNCTION = YES;
				GCC_WARN_UNUSED_VARIABLE = YES;
				IPHONEOS_DEPLOYMENT_TARGET = 10.1;
				MTL_ENABLE_DEBUG_INFO = NO;
				SDKROOT = iphoneos;
				SWIFT_OPTIMIZATION_LEVEL = "-Owholemodule";
				TARGETED_DEVICE_FAMILY = "1,2";
				VALIDATE_PRODUCT = YES;
			};
			name = Release;
		};
		1FF1AB641DE509F2005A752E /* Debug */ = {
			isa = XCBuildConfiguration;
			buildSettings = {
				ASSETCATALOG_COMPILER_APPICON_NAME = AppIcon;
				DEVELOPMENT_TEAM = EN4K8XQC2W;
				INFOPLIST_FILE = "Sound Board/Info.plist";
				LD_RUNPATH_SEARCH_PATHS = "$(inherited) @executable_path/Frameworks";
				PRODUCT_BUNDLE_IDENTIFIER = "com.rickwolchuk.Sound-Board";
				PRODUCT_NAME = "$(TARGET_NAME)";
				SWIFT_VERSION = 3.0;
			};
			name = Debug;
		};
		1FF1AB651DE509F2005A752E /* Release */ = {
			isa = XCBuildConfiguration;
			buildSettings = {
				ASSETCATALOG_COMPILER_APPICON_NAME = AppIcon;
				DEVELOPMENT_TEAM = EN4K8XQC2W;
				INFOPLIST_FILE = "Sound Board/Info.plist";
				LD_RUNPATH_SEARCH_PATHS = "$(inherited) @executable_path/Frameworks";
				PRODUCT_BUNDLE_IDENTIFIER = "com.rickwolchuk.Sound-Board";
				PRODUCT_NAME = "$(TARGET_NAME)";
				SWIFT_VERSION = 3.0;
			};
			name = Release;
		};
/* End XCBuildConfiguration section */

/* Begin XCConfigurationList section */
		1FF1AB491DE509F2005A752E /* Build configuration list for PBXProject "Sound Board" */ = {
			isa = XCConfigurationList;
			buildConfigurations = (
				1FF1AB611DE509F2005A752E /* Debug */,
				1FF1AB621DE509F2005A752E /* Release */,
			);
			defaultConfigurationIsVisible = 0;
			defaultConfigurationName = Release;
		};
		1FF1AB631DE509F2005A752E /* Build configuration list for PBXNativeTarget "Sound Board" */ = {
			isa = XCConfigurationList;
			buildConfigurations = (
				1FF1AB641DE509F2005A752E /* Debug */,
				1FF1AB651DE509F2005A752E /* Release */,
			);
			defaultConfigurationIsVisible = 0;
		};
/* End XCConfigurationList section */

/* Begin XCVersionGroup section */
		1FF1AB581DE509F2005A752E /* Sound_Board.xcdatamodeld */ = {
			isa = XCVersionGroup;
			children = (
				1FF1AB591DE509F2005A752E /* Sound_Board.xcdatamodel */,
			);
			currentVersion = 1FF1AB591DE509F2005A752E /* Sound_Board.xcdatamodel */;
			path = Sound_Board.xcdatamodeld;
			sourceTree = "<group>";
			versionGroupType = wrapper.xcdatamodel;
		};
/* End XCVersionGroup section */
	};
	rootObject = 1FF1AB461DE509F2005A752E /* Project object */;
}
